Microsoft Visual Studio Solution File, Format Version 11.00
# Visual Studio 2008

Project("{02B8BF3D-0689-845B-9013-F829A419CA35}") = "unityros", "Assembly-CSharp.csproj", "{ECE4D0F9-18B5-2F84-E89C-26F982E61E21}"
EndProject
Project("{02B8BF3D-0689-845B-9013-F829A419CA35}") = "unityros", "Assembly-CSharp-Editor.csproj", "{2B78DBBB-7BF8-4DE1-6305-3EFEFA296EC3}"
EndProject
Global
	GlobalSection(SolutionConfigurationPlatforms) = preSolution
		Debug|Any CPU = Debug|Any CPU
		Release|Any CPU = Release|Any CPU
	EndGlobalSection
	GlobalSection(ProjectConfigurationPlatforms) = postSolution
		{ECE4D0F9-18B5-2F84-E89C-26F982E61E21}.Debug|Any CPU.ActiveCfg = Debug|Any CPU
		{ECE4D0F9-18B5-2F84-E89C-26F982E61E21}.Debug|Any CPU.Build.0 = Debug|Any CPU
		{ECE4D0F9-18B5-2F84-E89C-26F982E61E21}.Release|Any CPU.ActiveCfg = Release|Any CPU
		{ECE4D0F9-18B5-2F84-E89C-26F982E61E21}.Release|Any CPU.Build.0 = Release|Any CPU
		{2B78DBBB-7BF8-4DE1-6305-3EFEFA296EC3}.Debug|Any CPU.ActiveCfg = Debug|Any CPU
		{2B78DBBB-7BF8-4DE1-6305-3EFEFA296EC3}.Debug|Any CPU.Build.0 = Debug|Any CPU
		{2B78DBBB-7BF8-4DE1-6305-3EFEFA296EC3}.Release|Any CPU.ActiveCfg = Release|Any CPU
		{2B78DBBB-7BF8-4DE1-6305-3EFEFA296EC3}.Release|Any CPU.Build.0 = Release|Any CPU
	EndGlobalSection
	GlobalSection(SolutionProperties) = preSolution
		HideSolutionNode = FALSE
	EndGlobalSection
																				GlobalSection(MonoDevelopProperties) = preSolution
		StartupItem = Assembly-CSharp.csproj
		Policies = $0
		$0.TextStylePolicy = $1
		$1.inheritsSet = null
		$1.scope = text/x-csharp
		$0.CSharpFormattingPolicy = $2
		$2.inheritsSet = Mono
		$2.inheritsScope = text/x-csharp
		$2.scope = text/x-csharp
		$0.TextStylePolicy = $3
		$3.FileWidth = 120
		$3.TabWidth = 4
		$3.EolMarker = Unix
		$3.inheritsSet = Mono
		$3.inheritsScope = text/plain
		$3.scope = text/plain
	EndGlobalSection

EndGlobal
